<?xml version="1.0" encoding="utf-8"?>
<Project ToolsVersion="4.0" xmlns="http://schemas.microsoft.com/developer/msbuild/2003">
  <ItemGroup>
    <Filter Include="Source Files">
      <UniqueIdentifier>{4FC737F1-C7A5-4376-A066-2A32D752A2FF}</UniqueIdentifier>
      <Extensions>cpp;c;cc;cxx;def;odl;idl;hpj;bat;asm;asmx</Extensions>
    </Filter>
    <Filter Include="State">
      <UniqueIdentifier>{752523a3-ab6a-48f5-92e9-f30b061b1d92}</UniqueIdentifier>
    </Filter>
    <Filter Include="Sound">
      <UniqueIdentifier>{16d67c82-175c-4fa7-ad36-a89f1227c7ac}</UniqueIdentifier>
    </Filter>
  </ItemGroup>
  <ItemGroup>
    <ClInclude Include="BaseComponent.h" />
    <ClInclude Include="Command.h" />
    <ClInclude Include="Direction.h" />
    <ClInclude Include="Event.h" />
    <ClInclude Include="Font.h" />
    <ClInclude Include="GameObject.h" />
    <ClInclude Include="InputManager.h" />
    <ClInclude Include="Minigin.h" />
    <ClInclude Include="XBoxController.h" />
    <ClInclude Include="Observer.h" />
    <ClInclude Include="Renderer.h" />
    <ClInclude Include="ResourceManager.h" />
    <ClInclude Include="Scene.h" />
    <ClInclude Include="SceneManager.h" />
    <ClInclude Include="Singleton.h" />
    <ClInclude Include="Subject.h" />
    <ClInclude Include="TextComponent.h" />
    <ClInclude Include="Texture2D.h" />
    <ClInclude Include="TextureComponent.h" />
    <ClInclude Include="TransformComponent.h" />
    <ClInclude Include="AudioClip.h">
      <Filter>Sound</Filter>
    </ClInclude>
    <ClInclude Include="NullSoundSystem.h">
      <Filter>Sound</Filter>
    </ClInclude>
    <ClInclude Include="SDLSoundSystem.h">
      <Filter>Sound</Filter>
    </ClInclude>
    <ClInclude Include="ServiceLocator.h">
      <Filter>Sound</Filter>
    </ClInclude>
    <ClInclude Include="SoundEventQueue.h">
      <Filter>Sound</Filter>
    </ClInclude>
    <ClInclude Include="SoundSystem.h">
      <Filter>Sound</Filter>
    </ClInclude>
    <ClInclude Include="ThreadedSoundSystem.h">
      <Filter>Sound</Filter>
    </ClInclude>
    <ClInclude Include="LoggingSoundSystem.h">
      <Filter>Sound</Filter>
    </ClInclude>
  </ItemGroup>
  <ItemGroup>
    <ClCompile Include="BaseComponent.cpp">
      <Filter>Source Files</Filter>
    </ClCompile>
    <ClCompile Include="Command.cpp">
      <Filter>Source Files</Filter>
    </ClCompile>
    <ClCompile Include="Event.cpp">
      <Filter>Source Files</Filter>
    </ClCompile>
    <ClCompile Include="Font.cpp">
      <Filter>Source Files</Filter>
    </ClCompile>
    <ClCompile Include="GameObject.cpp">
      <Filter>Source Files</Filter>
    </ClCompile>
    <ClCompile Include="InputManager.cpp">
      <Filter>Source Files</Filter>
    </ClCompile>
    <ClCompile Include="Minigin.cpp">
      <Filter>Source Files</Filter>
    </ClCompile>
    <ClCompile Include="Renderer.cpp">
      <Filter>Source Files</Filter>
    </ClCompile>
    <ClCompile Include="ResourceManager.cpp">
      <Filter>Source Files</Filter>
    </ClCompile>
    <ClCompile Include="Scene.cpp">
      <Filter>Source Files</Filter>
    </ClCompile>
    <ClCompile Include="SceneManager.cpp">
      <Filter>Source Files</Filter>
    </ClCompile>
    <ClCompile Include="Subject.cpp">
      <Filter>Source Files</Filter>
    </ClCompile>
    <ClCompile Include="TextComponent.cpp">
      <Filter>Source Files</Filter>
    </ClCompile>
    <ClCompile Include="Texture2D.cpp">
      <Filter>Source Files</Filter>
    </ClCompile>
    <ClCompile Include="TextureComponent.cpp">
      <Filter>Source Files</Filter>
    </ClCompile>
    <ClCompile Include="TransformComponent.cpp">
      <Filter>Source Files</Filter>
    </ClCompile>
    <ClCompile Include="XBoxController.cpp">
      <Filter>Source Files</Filter>
    </ClCompile>
    <ClCompile Include="AudioClip.cpp">
      <Filter>Sound</Filter>
    </ClCompile>
    <ClCompile Include="NullSoundSystem.cpp">
      <Filter>Sound</Filter>
    </ClCompile>
    <ClCompile Include="LoggingSoundSystem.cpp">
      <Filter>Sound</Filter>
    </ClCompile>
    <ClCompile Include="SDLSoundSystem.cpp">
      <Filter>Sound</Filter>
    </ClCompile>
    <ClCompile Include="SoundEventQueue.cpp">
      <Filter>Sound</Filter>
    </ClCompile>
    <ClCompile Include="ServiceLocator.cpp">
      <Filter>Sound</Filter>
    </ClCompile>
    <ClCompile Include="ThreadedSoundSystem.cpp">
      <Filter>Sound</Filter>
    </ClCompile>
  </ItemGroup>
</Project>